
Microsoft Visual Studio Solution File, Format Version 12.00
# Visual Studio Version 17
VisualStudioVersion = 17.4.33110.190
MinimumVisualStudioVersion = 10.0.40219.1
Project("{9A19103F-16F7-4668-BE54-9A1E7A4F7556}") = "FitApi", "FitApi\FitApi.csproj", "{77E6C574-D524-4282-B642-1FE5DBF100D7}"
EndProject
Project("{FAE04EC0-301F-11D3-BF4B-00C04F79EFBC}") = "TestProjectMSTEST", "TestProjectMSTEST\TestProjectMSTEST.csproj", "{717236FF-BB0A-49E5-811E-492728F16BD6}"
EndProject
Global
	GlobalSection(SolutionConfigurationPlatforms) = preSolution
		Debug|Any CPU = Debug|Any CPU
		Release|Any CPU = Release|Any CPU
	EndGlobalSection
	GlobalSection(ProjectConfigurationPlatforms) = postSolution
		{77E6C574-D524-4282-B642-1FE5DBF100D7}.Debug|Any CPU.ActiveCfg = Debug|Any CPU
		{77E6C574-D524-4282-B642-1FE5DBF100D7}.Debug|Any CPU.Build.0 = Debug|Any CPU
		{77E6C574-D524-4282-B642-1FE5DBF100D7}.Release|Any CPU.ActiveCfg = Release|Any CPU
		{77E6C574-D524-4282-B642-1FE5DBF100D7}.Release|Any CPU.Build.0 = Release|Any CPU
		{717236FF-BB0A-49E5-811E-492728F16BD6}.Debug|Any CPU.ActiveCfg = Debug|Any CPU
		{717236FF-BB0A-49E5-811E-492728F16BD6}.Debug|Any CPU.Build.0 = Debug|Any CPU
		{717236FF-BB0A-49E5-811E-492728F16BD6}.Release|Any CPU.ActiveCfg = Release|Any CPU
		{717236FF-BB0A-49E5-811E-492728F16BD6}.Release|Any CPU.Build.0 = Release|Any CPU
	EndGlobalSection
	GlobalSection(SolutionProperties) = preSolution
		HideSolutionNode = FALSE
	EndGlobalSection
	GlobalSection(ExtensibilityGlobals) = postSolution
		SolutionGuid = {445DACB6-03D0-4F62-84E2-20227F745C8A}
	EndGlobalSection
EndGlobal
